
Microsoft Visual Studio Solution File, Format Version 12.00
# Visual Studio Version 17
VisualStudioVersion = 17.6.33829.357
MinimumVisualStudioVersion = 10.0.40219.1
Project("{FAE04EC0-301F-11D3-BF4B-00C04F79EFBC}") = "JWTAuth", "JWTAuth\JWTAuth.csproj", "{169FD4B5-CCAE-4AAF-A2FA-BA7B5B942DE1}"
EndProject
Global
	GlobalSection(SolutionConfigurationPlatforms) = preSolution
		Debug|Any CPU = Debug|Any CPU
		Release|Any CPU = Release|Any CPU
	EndGlobalSection
	GlobalSection(ProjectConfigurationPlatforms) = postSolution
		{169FD4B5-CCAE-4AAF-A2FA-BA7B5B942DE1}.Debug|Any CPU.ActiveCfg = Debug|Any CPU
		{169FD4B5-CCAE-4AAF-A2FA-BA7B5B942DE1}.Debug|Any CPU.Build.0 = Debug|Any CPU
		{169FD4B5-CCAE-4AAF-A2FA-BA7B5B942DE1}.Release|Any CPU.ActiveCfg = Release|Any CPU
		{169FD4B5-CCAE-4AAF-A2FA-BA7B5B942DE1}.Release|Any CPU.Build.0 = Release|Any CPU
	EndGlobalSection
	GlobalSection(SolutionProperties) = preSolution
		HideSolutionNode = FALSE
	EndGlobalSection
	GlobalSection(ExtensibilityGlobals) = postSolution
		SolutionGuid = {56281304-4520-465A-932E-F210456E2E8F}
	EndGlobalSection
EndGlobal
