
Microsoft Visual Studio Solution File, Format Version 12.00
# Visual Studio Version 17
VisualStudioVersion = 17.6.33829.357
MinimumVisualStudioVersion = 10.0.40219.1
Project("{FAE04EC0-301F-11D3-BF4B-00C04F79EFBC}") = "SampleProgram1", "SampleProgram1\SampleProgram1.csproj", "{EA46C176-B0BD-4CAE-9615-FB6F3C60AA68}"
EndProject
Global
	GlobalSection(SolutionConfigurationPlatforms) = preSolution
		Debug|Any CPU = Debug|Any CPU
		Release|Any CPU = Release|Any CPU
	EndGlobalSection
	GlobalSection(ProjectConfigurationPlatforms) = postSolution
		{EA46C176-B0BD-4CAE-9615-FB6F3C60AA68}.Debug|Any CPU.ActiveCfg = Debug|Any CPU
		{EA46C176-B0BD-4CAE-9615-FB6F3C60AA68}.Debug|Any CPU.Build.0 = Debug|Any CPU
		{EA46C176-B0BD-4CAE-9615-FB6F3C60AA68}.Release|Any CPU.ActiveCfg = Release|Any CPU
		{EA46C176-B0BD-4CAE-9615-FB6F3C60AA68}.Release|Any CPU.Build.0 = Release|Any CPU
	EndGlobalSection
	GlobalSection(SolutionProperties) = preSolution
		HideSolutionNode = FALSE
	EndGlobalSection
	GlobalSection(ExtensibilityGlobals) = postSolution
		SolutionGuid = {D94ABD78-F871-4FD8-A6E9-6C87709BC00E}
	EndGlobalSection
EndGlobal
