
Microsoft Visual Studio Solution File, Format Version 12.00
# Visual Studio Version 17
VisualStudioVersion = 17.6.33829.357
MinimumVisualStudioVersion = 10.0.40219.1
Project("{FAE04EC0-301F-11D3-BF4B-00C04F79EFBC}") = "FootHub", "FootHub\FootHub.csproj", "{4D6496B3-7EF5-466E-A173-1D829AFF0A63}"
EndProject
Global
	GlobalSection(SolutionConfigurationPlatforms) = preSolution
		Debug|Any CPU = Debug|Any CPU
		Release|Any CPU = Release|Any CPU
	EndGlobalSection
	GlobalSection(ProjectConfigurationPlatforms) = postSolution
		{4D6496B3-7EF5-466E-A173-1D829AFF0A63}.Debug|Any CPU.ActiveCfg = Debug|Any CPU
		{4D6496B3-7EF5-466E-A173-1D829AFF0A63}.Debug|Any CPU.Build.0 = Debug|Any CPU
		{4D6496B3-7EF5-466E-A173-1D829AFF0A63}.Release|Any CPU.ActiveCfg = Release|Any CPU
		{4D6496B3-7EF5-466E-A173-1D829AFF0A63}.Release|Any CPU.Build.0 = Release|Any CPU
	EndGlobalSection
	GlobalSection(SolutionProperties) = preSolution
		HideSolutionNode = FALSE
	EndGlobalSection
	GlobalSection(ExtensibilityGlobals) = postSolution
		SolutionGuid = {3BE3705F-3B28-462A-A632-C18D038301B0}
	EndGlobalSection
EndGlobal
